// !$*UTF8*$!
{
	archiveVersion = 1;
	classes = {
	};
	objectVersion = 70;
	objects = {

/* Begin PBXBuildFile section */
		512B281A2DD8F8D000D72AB7 /* Clients in Frameworks */ = {isa = PBXBuildFile; productRef = 5170B1662DD8F11100734BCF /* Clients */; };
		513960D22DD8D7F5003E13D9 /* APIClient in Frameworks */ = {isa = PBXBuildFile; productRef = 513960D12DD8D7F5003E13D9 /* APIClient */; };
		513960D42DD8D7F5003E13D9 /* Assets in Frameworks */ = {isa = PBXBuildFile; productRef = 513960D32DD8D7F5003E13D9 /* Assets */; };
		513960D62DD8D7F5003E13D9 /* Models in Frameworks */ = {isa = PBXBuildFile; productRef = 513960D52DD8D7F5003E13D9 /* Models */; };
		513960D82DD8D7F5003E13D9 /* Shared in Frameworks */ = {isa = PBXBuildFile; productRef = 513960D72DD8D7F5003E13D9 /* Shared */; };
		513960DA2DD8D7F5003E13D9 /* UI in Frameworks */ = {isa = PBXBuildFile; productRef = 513960D92DD8D7F5003E13D9 /* UI */; };
		51FD06162DD92455004BAAAF /* Sparkle in Frameworks */ = {isa = PBXBuildFile; productRef = 51FD06152DD92455004BAAAF /* Sparkle */; };
		70A3845E295644A2000941F5 /* AVKit.framework in Frameworks */ = {isa = PBXBuildFile; fileRef = 70A3845D295644A1000941F5 /* AVKit.framework */; };
/* End PBXBuildFile section */

/* Begin PBXFileReference section */
		513960A42DD8788C003E13D9 /* NativeYoutubeKit */ = {isa = PBXFileReference; lastKnownFileType = wrapper; path = NativeYoutubeKit; sourceTree = "<group>"; };
		70A3845D295644A1000941F5 /* AVKit.framework */ = {isa = PBXFileReference; lastKnownFileType = wrapper.framework; name = AVKit.framework; path = System/Library/Frameworks/AVKit.framework; sourceTree = SDKROOT; };
		C27DD34A272C853E00B4DC16 /* NativeYoutube.app */ = {isa = PBXFileReference; explicitFileType = wrapper.application; includeInIndex = 0; path = NativeYoutube.app; sourceTree = BUILT_PRODUCTS_DIR; };
/* End PBXFileReference section */

/* Begin PBXFileSystemSynchronizedBuildFileExceptionSet section */
		512D78C22DD871B8004C3009 /* PBXFileSystemSynchronizedBuildFileExceptionSet */ = {
			isa = PBXFileSystemSynchronizedBuildFileExceptionSet;
			membershipExceptions = (
				Info.plist,
			);
			target = C27DD349272C853E00B4DC16 /* NativeYoutube */;
		};
/* End PBXFileSystemSynchronizedBuildFileExceptionSet section */

/* Begin PBXFileSystemSynchronizedRootGroup section */
		512D78A12DD871B7004C3009 /* NativeYoutube */ = {isa = PBXFileSystemSynchronizedRootGroup; exceptions = (512D78C22DD871B8004C3009 /* PBXFileSystemSynchronizedBuildFileExceptionSet */, ); explicitFileTypes = {}; explicitFolders = (); path = NativeYoutube; sourceTree = "<group>"; };
/* End PBXFileSystemSynchronizedRootGroup section */

/* Begin PBXFrameworksBuildPhase section */
		C27DD347272C853E00B4DC16 /* Frameworks */ = {
			isa = PBXFrameworksBuildPhase;
			buildActionMask = 2147483647;
			files = (
				512B281A2DD8F8D000D72AB7 /* Clients in Frameworks */,
				51FD06162DD92455004BAAAF /* Sparkle in Frameworks */,
				70A3845E295644A2000941F5 /* AVKit.framework in Frameworks */,
				513960D42DD8D7F5003E13D9 /* Assets in Frameworks */,
				513960D22DD8D7F5003E13D9 /* APIClient in Frameworks */,
				513960DA2DD8D7F5003E13D9 /* UI in Frameworks */,
				513960D82DD8D7F5003E13D9 /* Shared in Frameworks */,
				513960D62DD8D7F5003E13D9 /* Models in Frameworks */,
			);
			runOnlyForDeploymentPostprocessing = 0;
		};
/* End PBXFrameworksBuildPhase section */

/* Begin PBXGroup section */
		70A3845C295644A1000941F5 /* Frameworks */ = {
			isa = PBXGroup;
			children = (
				70A3845D295644A1000941F5 /* AVKit.framework */,
			);
			name = Frameworks;
			sourceTree = "<group>";
		};
		C27DD341272C853E00B4DC16 = {
			isa = PBXGroup;
			children = (
				513960A42DD8788C003E13D9 /* NativeYoutubeKit */,
				512D78A12DD871B7004C3009 /* NativeYoutube */,
				C27DD34B272C853E00B4DC16 /* Products */,
				70A3845C295644A1000941F5 /* Frameworks */,
			);
			sourceTree = "<group>";
		};
		C27DD34B272C853E00B4DC16 /* Products */ = {
			isa = PBXGroup;
			children = (
				C27DD34A272C853E00B4DC16 /* NativeYoutube.app */,
			);
			name = Products;
			sourceTree = "<group>";
		};
/* End PBXGroup section */

/* Begin PBXNativeTarget section */
		C27DD349272C853E00B4DC16 /* NativeYoutube */ = {
			isa = PBXNativeTarget;
			buildConfigurationList = C27DD359272C853F00B4DC16 /* Build configuration list for PBXNativeTarget "NativeYoutube" */;
			buildPhases = (
				C27DD346272C853E00B4DC16 /* Sources */,
				C27DD347272C853E00B4DC16 /* Frameworks */,
				C27DD348272C853E00B4DC16 /* Resources */,
			);
			buildRules = (
			);
			dependencies = (
			);
			fileSystemSynchronizedGroups = (
				512D78A12DD871B7004C3009 /* NativeYoutube */,
			);
			name = NativeYoutube;
			packageProductDependencies = (
				513960D12DD8D7F5003E13D9 /* APIClient */,
				513960D32DD8D7F5003E13D9 /* Assets */,
				513960D52DD8D7F5003E13D9 /* Models */,
				513960D72DD8D7F5003E13D9 /* Shared */,
				513960D92DD8D7F5003E13D9 /* UI */,
				5170B1662DD8F11100734BCF /* Clients */,
				51FD06152DD92455004BAAAF /* Sparkle */,
			);
			productName = NativeYoutube;
			productReference = C27DD34A272C853E00B4DC16 /* NativeYoutube.app */;
			productType = "com.apple.product-type.application";
		};
/* End PBXNativeTarget section */

/* Begin PBXProject section */
		C27DD342272C853E00B4DC16 /* Project object */ = {
			isa = PBXProject;
			attributes = {
				BuildIndependentTargetsInParallel = 1;
				LastSwiftUpdateCheck = 1630;
				LastUpgradeCheck = 1630;
				TargetAttributes = {
					C27DD349272C853E00B4DC16 = {
						CreatedOnToolsVersion = 13.1;
					};
				};
			};
			buildConfigurationList = C27DD345272C853E00B4DC16 /* Build configuration list for PBXProject "NativeYoutube" */;
			compatibilityVersion = "Xcode 13.0";
			developmentRegion = en;
			hasScannedForEncodings = 0;
			knownRegions = (
				en,
				Base,
			);
			mainGroup = C27DD341272C853E00B4DC16;
			packageReferences = (
				51FD06142DD92455004BAAAF /* XCRemoteSwiftPackageReference "Sparkle" */,
			);
			productRefGroup = C27DD34B272C853E00B4DC16 /* Products */;
			projectDirPath = "";
			projectRoot = "";
			targets = (
				C27DD349272C853E00B4DC16 /* NativeYoutube */,
			);
		};
/* End PBXProject section */

/* Begin PBXResourcesBuildPhase section */
		C27DD348272C853E00B4DC16 /* Resources */ = {
			isa = PBXResourcesBuildPhase;
			buildActionMask = 2147483647;
			files = (
			);
			runOnlyForDeploymentPostprocessing = 0;
		};
/* End PBXResourcesBuildPhase section */

/* Begin PBXSourcesBuildPhase section */
		C27DD346272C853E00B4DC16 /* Sources */ = {
			isa = PBXSourcesBuildPhase;
			buildActionMask = 2147483647;
			files = (
			);
			runOnlyForDeploymentPostprocessing = 0;
		};
/* End PBXSourcesBuildPhase section */

/* Begin XCBuildConfiguration section */
		C27DD357272C853F00B4DC16 /* Debug */ = {
			isa = XCBuildConfiguration;
			buildSettings = {
				ALWAYS_SEARCH_USER_PATHS = NO;
				ASSETCATALOG_COMPILER_GENERATE_SWIFT_ASSET_SYMBOL_EXTENSIONS = YES;
				CLANG_ANALYZER_NONNULL = YES;
				CLANG_ANALYZER_NUMBER_OBJECT_CONVERSION = YES_AGGRESSIVE;
				CLANG_CXX_LANGUAGE_STANDARD = "gnu++17";
				CLANG_CXX_LIBRARY = "libc++";
				CLANG_ENABLE_MODULES = YES;
				CLANG_ENABLE_OBJC_ARC = YES;
				CLANG_ENABLE_OBJC_WEAK = YES;
				CLANG_WARN_BLOCK_CAPTURE_AUTORELEASING = YES;
				CLANG_WARN_BOOL_CONVERSION = YES;
				CLANG_WARN_COMMA = YES;
				CLANG_WARN_CONSTANT_CONVERSION = YES;
				CLANG_WARN_DEPRECATED_OBJC_IMPLEMENTATIONS = YES;
				CLANG_WARN_DIRECT_OBJC_ISA_USAGE = YES_ERROR;
				CLANG_WARN_DOCUMENTATION_COMMENTS = YES;
				CLANG_WARN_EMPTY_BODY = YES;
				CLANG_WARN_ENUM_CONVERSION = YES;
				CLANG_WARN_INFINITE_RECURSION = YES;
				CLANG_WARN_INT_CONVERSION = YES;
				CLANG_WARN_NON_LITERAL_NULL_CONVERSION = YES;
				CLANG_WARN_OBJC_IMPLICIT_RETAIN_SELF = YES;
				CLANG_WARN_OBJC_LITERAL_CONVERSION = YES;
				CLANG_WARN_OBJC_ROOT_CLASS = YES_ERROR;
				CLANG_WARN_QUOTED_INCLUDE_IN_FRAMEWORK_HEADER = YES;
				CLANG_WARN_RANGE_LOOP_ANALYSIS = YES;
				CLANG_WARN_STRICT_PROTOTYPES = YES;
				CLANG_WARN_SUSPICIOUS_MOVE = YES;
				CLANG_WARN_UNGUARDED_AVAILABILITY = YES_AGGRESSIVE;
				CLANG_WARN_UNREACHABLE_CODE = YES;
				CLANG_WARN__DUPLICATE_METHOD_MATCH = YES;
				COPY_PHASE_STRIP = NO;
				DEAD_CODE_STRIPPING = YES;
				DEBUG_INFORMATION_FORMAT = dwarf;
				ENABLE_STRICT_OBJC_MSGSEND = YES;
				ENABLE_TESTABILITY = YES;
				ENABLE_USER_SCRIPT_SANDBOXING = YES;
				GCC_C_LANGUAGE_STANDARD = gnu11;
				GCC_DYNAMIC_NO_PIC = NO;
				GCC_NO_COMMON_BLOCKS = YES;
				GCC_OPTIMIZATION_LEVEL = 0;
				GCC_PREPROCESSOR_DEFINITIONS = (
					"DEBUG=1",
					"$(inherited)",
				);
				GCC_WARN_64_TO_32_BIT_CONVERSION = YES;
				GCC_WARN_ABOUT_RETURN_TYPE = YES_ERROR;
				GCC_WARN_UNDECLARED_SELECTOR = YES;
				GCC_WARN_UNINITIALIZED_AUTOS = YES_AGGRESSIVE;
				GCC_WARN_UNUSED_FUNCTION = YES;
				GCC_WARN_UNUSED_VARIABLE = YES;
				MACOSX_DEPLOYMENT_TARGET = 13.0;
				MTL_ENABLE_DEBUG_INFO = INCLUDE_SOURCE;
				MTL_FAST_MATH = YES;
				ONLY_ACTIVE_ARCH = YES;
				SDKROOT = macosx;
				SWIFT_ACTIVE_COMPILATION_CONDITIONS = DEBUG;
				SWIFT_OPTIMIZATION_LEVEL = "-Onone";
			};
			name = Debug;
		};
		C27DD358272C853F00B4DC16 /* Release */ = {
			isa = XCBuildConfiguration;
			buildSettings = {
				ALWAYS_SEARCH_USER_PATHS = NO;
				ASSETCATALOG_COMPILER_GENERATE_SWIFT_ASSET_SYMBOL_EXTENSIONS = YES;
				CLANG_ANALYZER_NONNULL = YES;
				CLANG_ANALYZER_NUMBER_OBJECT_CONVERSION = YES_AGGRESSIVE;
				CLANG_CXX_LANGUAGE_STANDARD = "gnu++17";
				CLANG_CXX_LIBRARY = "libc++";
				CLANG_ENABLE_MODULES = YES;
				CLANG_ENABLE_OBJC_ARC = YES;
				CLANG_ENABLE_OBJC_WEAK = YES;
				CLANG_WARN_BLOCK_CAPTURE_AUTORELEASING = YES;
				CLANG_WARN_BOOL_CONVERSION = YES;
				CLANG_WARN_COMMA = YES;
				CLANG_WARN_CONSTANT_CONVERSION = YES;
				CLANG_WARN_DEPRECATED_OBJC_IMPLEMENTATIONS = YES;
				CLANG_WARN_DIRECT_OBJC_ISA_USAGE = YES_ERROR;
				CLANG_WARN_DOCUMENTATION_COMMENTS = YES;
				CLANG_WARN_EMPTY_BODY = YES;
				CLANG_WARN_ENUM_CONVERSION = YES;
				CLANG_WARN_INFINITE_RECURSION = YES;
				CLANG_WARN_INT_CONVERSION = YES;
				CLANG_WARN_NON_LITERAL_NULL_CONVERSION = YES;
				CLANG_WARN_OBJC_IMPLICIT_RETAIN_SELF = YES;
				CLANG_WARN_OBJC_LITERAL_CONVERSION = YES;
				CLANG_WARN_OBJC_ROOT_CLASS = YES_ERROR;
				CLANG_WARN_QUOTED_INCLUDE_IN_FRAMEWORK_HEADER = YES;
				CLANG_WARN_RANGE_LOOP_ANALYSIS = YES;
				CLANG_WARN_STRICT_PROTOTYPES = YES;
				CLANG_WARN_SUSPICIOUS_MOVE = YES;
				CLANG_WARN_UNGUARDED_AVAILABILITY = YES_AGGRESSIVE;
				CLANG_WARN_UNREACHABLE_CODE = YES;
				CLANG_WARN__DUPLICATE_METHOD_MATCH = YES;
				COPY_PHASE_STRIP = NO;
				DEAD_CODE_STRIPPING = YES;
				DEBUG_INFORMATION_FORMAT = "dwarf-with-dsym";
				ENABLE_NS_ASSERTIONS = NO;
				ENABLE_STRICT_OBJC_MSGSEND = YES;
				ENABLE_USER_SCRIPT_SANDBOXING = YES;
				GCC_C_LANGUAGE_STANDARD = gnu11;
				GCC_NO_COMMON_BLOCKS = YES;
				GCC_WARN_64_TO_32_BIT_CONVERSION = YES;
				GCC_WARN_ABOUT_RETURN_TYPE = YES_ERROR;
				GCC_WARN_UNDECLARED_SELECTOR = YES;
				GCC_WARN_UNINITIALIZED_AUTOS = YES_AGGRESSIVE;
				GCC_WARN_UNUSED_FUNCTION = YES;
				GCC_WARN_UNUSED_VARIABLE = YES;
				MACOSX_DEPLOYMENT_TARGET = 13.0;
				MTL_ENABLE_DEBUG_INFO = NO;
				MTL_FAST_MATH = YES;
				SDKROOT = macosx;
				SWIFT_COMPILATION_MODE = wholemodule;
				SWIFT_OPTIMIZATION_LEVEL = "-O";
			};
			name = Release;
		};
		C27DD35A272C853F00B4DC16 /* Debug */ = {
			isa = XCBuildConfiguration;
			buildSettings = {
				ASSETCATALOG_COMPILER_APPICON_NAME = NativeYoutubeIcon;
				ASSETCATALOG_COMPILER_GLOBAL_ACCENT_COLOR_NAME = AccentColor;
				CODE_SIGN_ENTITLEMENTS = NativeYoutube/NativeYoutube.entitlements;
				CODE_SIGN_IDENTITY = "-";
				CODE_SIGN_STYLE = Automatic;
				COMBINE_HIDPI_IMAGES = YES;
				CURRENT_PROJECT_VERSION = 15;
				DEAD_CODE_STRIPPING = YES;
				DEVELOPMENT_ASSET_PATHS = "\"NativeYoutube/Preview Content\"";
				DEVELOPMENT_TEAM = 9RPB76Y973;
				ENABLE_HARDENED_RUNTIME = YES;
				ENABLE_PREVIEWS = YES;
				GENERATE_INFOPLIST_FILE = YES;
				INFOPLIST_FILE = NativeYoutube/Info.plist;
				INFOPLIST_KEY_CFBundleDisplayName = NativeYoutube;
				INFOPLIST_KEY_LSApplicationCategoryType = "public.app-category.entertainment";
				INFOPLIST_KEY_LSUIElement = YES;
				INFOPLIST_KEY_NSHumanReadableCopyright = "Copyright © 2021 Aayush Pokharel. All rights reserved.";
				LD_RUNPATH_SEARCH_PATHS = (
					"$(inherited)",
					"@executable_path/../Frameworks",
				);
				MACOSX_DEPLOYMENT_TARGET = 14.0;
				MARKETING_VERSION = 3.2.5;
				PRODUCT_BUNDLE_IDENTIFIER = com.pokharel.aayush.nativeyoutube;
				PRODUCT_NAME = "$(TARGET_NAME)";
				SWIFT_EMIT_LOC_STRINGS = YES;
				SWIFT_VERSION = 5.0;
			};
			name = Debug;
		};
		C27DD35B272C853F00B4DC16 /* Release */ = {
			isa = XCBuildConfiguration;
			buildSettings = {
				ASSETCATALOG_COMPILER_APPICON_NAME = NativeYoutubeIcon;
				ASSETCATALOG_COMPILER_GLOBAL_ACCENT_COLOR_NAME = AccentColor;
				CODE_SIGN_ENTITLEMENTS = NativeYoutube/NativeYoutube.entitlements;
				CODE_SIGN_IDENTITY = "Apple Development";
				"CODE_SIGN_IDENTITY[sdk=macosx*]" = "-";
				CODE_SIGN_STYLE = Automatic;
				COMBINE_HIDPI_IMAGES = YES;
				CURRENT_PROJECT_VERSION = 15;
				DEAD_CODE_STRIPPING = YES;
				DEVELOPMENT_ASSET_PATHS = "\"NativeYoutube/Preview Content\"";
				DEVELOPMENT_TEAM = 9RPB76Y973;
				ENABLE_HARDENED_RUNTIME = YES;
				ENABLE_PREVIEWS = YES;
				GENERATE_INFOPLIST_FILE = YES;
				INFOPLIST_FILE = NativeYoutube/Info.plist;
				INFOPLIST_KEY_CFBundleDisplayName = NativeYoutube;
				INFOPLIST_KEY_LSApplicationCategoryType = "public.app-category.entertainment";
				INFOPLIST_KEY_LSUIElement = YES;
				INFOPLIST_KEY_NSHumanReadableCopyright = "Copyright © 2021 Aayush Pokharel. All rights reserved.";
				LD_RUNPATH_SEARCH_PATHS = (
					"$(inherited)",
					"@executable_path/../Frameworks",
				);
				MACOSX_DEPLOYMENT_TARGET = 14.0;
				MARKETING_VERSION = 3.2.5;
				PRODUCT_BUNDLE_IDENTIFIER = com.pokharel.aayush.nativeyoutube;
				PRODUCT_NAME = "$(TARGET_NAME)";
				SWIFT_EMIT_LOC_STRINGS = YES;
				SWIFT_VERSION = 5.0;
			};
			name = Release;
		};
/* End XCBuildConfiguration section */

/* Begin XCConfigurationList section */
		C27DD345272C853E00B4DC16 /* Build configuration list for PBXProject "NativeYoutube" */ = {
			isa = XCConfigurationList;
			buildConfigurations = (
				C27DD357272C853F00B4DC16 /* Debug */,
				C27DD358272C853F00B4DC16 /* Release */,
			);
			defaultConfigurationIsVisible = 0;
			defaultConfigurationName = Release;
		};
		C27DD359272C853F00B4DC16 /* Build configuration list for PBXNativeTarget "NativeYoutube" */ = {
			isa = XCConfigurationList;
			buildConfigurations = (
				C27DD35A272C853F00B4DC16 /* Debug */,
				C27DD35B272C853F00B4DC16 /* Release */,
			);
			defaultConfigurationIsVisible = 0;
			defaultConfigurationName = Release;
		};
/* End XCConfigurationList section */

/* Begin XCRemoteSwiftPackageReference section */
		51FD06142DD92455004BAAAF /* XCRemoteSwiftPackageReference "Sparkle" */ = {
			isa = XCRemoteSwiftPackageReference;
			repositoryURL = "https://github.com/sparkle-project/Sparkle";
			requirement = {
				kind = upToNextMajorVersion;
				minimumVersion = 2.7.0;
			};
		};
/* End XCRemoteSwiftPackageReference section */

/* Begin XCSwiftPackageProductDependency section */
		513960D12DD8D7F5003E13D9 /* APIClient */ = {
			isa = XCSwiftPackageProductDependency;
			productName = APIClient;
		};
		513960D32DD8D7F5003E13D9 /* Assets */ = {
			isa = XCSwiftPackageProductDependency;
			productName = Assets;
		};
		513960D52DD8D7F5003E13D9 /* Models */ = {
			isa = XCSwiftPackageProductDependency;
			productName = Models;
		};
		513960D72DD8D7F5003E13D9 /* Shared */ = {
			isa = XCSwiftPackageProductDependency;
			productName = Shared;
		};
		513960D92DD8D7F5003E13D9 /* UI */ = {
			isa = XCSwiftPackageProductDependency;
			productName = UI;
		};
		5170B1662DD8F11100734BCF /* Clients */ = {
			isa = XCSwiftPackageProductDependency;
			productName = Clients;
		};
		51FD06152DD92455004BAAAF /* Sparkle */ = {
			isa = XCSwiftPackageProductDependency;
			package = 51FD06142DD92455004BAAAF /* XCRemoteSwiftPackageReference "Sparkle" */;
			productName = Sparkle;
		};
/* End XCSwiftPackageProductDependency section */
	};
	rootObject = C27DD342272C853E00B4DC16 /* Project object */;
}
