// !$*UTF8*$!
{
	archiveVersion = 1;
	classes = {
	};
	objectVersion = 55;
	objects = {

/* Begin PBXBuildFile section */
		131A386B27AF02F400B67A1B /* AppStateViewModel.swift in Sources */ = {isa = PBXBuildFile; fileRef = 131A386A27AF02F400B67A1B /* AppStateViewModel.swift */; };
		131A386D27AF191200B67A1B /* VideoModel.swift in Sources */ = {isa = PBXBuildFile; fileRef = 131A386C27AF191200B67A1B /* VideoModel.swift */; };
		131A387127AF258600B67A1B /* SearchRequest.swift in Sources */ = {isa = PBXBuildFile; fileRef = 131A387027AF258600B67A1B /* SearchRequest.swift */; };
		131A387327AF259000B67A1B /* PlaylistsRequest.swift in Sources */ = {isa = PBXBuildFile; fileRef = 131A387227AF259000B67A1B /* PlaylistsRequest.swift */; };
		132F7F5D27AE244E00D0F607 /* KeyWindow.swift in Sources */ = {isa = PBXBuildFile; fileRef = 132F7F5C27AE244E00D0F607 /* KeyWindow.swift */; };
		133DCE4D27ADED6300AE6F1F /* PreferencesView.swift in Sources */ = {isa = PBXBuildFile; fileRef = 133DCE4C27ADED6300AE6F1F /* PreferencesView.swift */; };
		133DCE5227ADF16600AE6F1F /* GeneralPreferenceView.swift in Sources */ = {isa = PBXBuildFile; fileRef = 133DCE5127ADF16600AE6F1F /* GeneralPreferenceView.swift */; };
		133DCE5627ADF29C00AE6F1F /* YoutubePreferenceView.swift in Sources */ = {isa = PBXBuildFile; fileRef = 133DCE5527ADF29C00AE6F1F /* YoutubePreferenceView.swift */; };
		138F4D1427ACFCBC00DF099D /* NativeYoutubeApp.swift in Sources */ = {isa = PBXBuildFile; fileRef = 138F4D1327ACFCBC00DF099D /* NativeYoutubeApp.swift */; };
		139EF52F27BAC7950031BF1D /* URL+Extension.swift in Sources */ = {isa = PBXBuildFile; fileRef = 139EF52E27BAC7950031BF1D /* URL+Extension.swift */; };
		13E02D0A27ABB35E00B4A648 /* VideoPlayerControlsViewModel.swift in Sources */ = {isa = PBXBuildFile; fileRef = 13E02D0927ABB35E00B4A648 /* VideoPlayerControlsViewModel.swift */; };
		13E02D0C27ABD2FE00B4A648 /* String+Time.swift in Sources */ = {isa = PBXBuildFile; fileRef = 13E02D0B27ABD2FE00B4A648 /* String+Time.swift */; };
		13FA3CF127AF820D005555C3 /* VideoRowView.swift in Sources */ = {isa = PBXBuildFile; fileRef = 13FA3CF027AF820C005555C3 /* VideoRowView.swift */; };
		13FA3CF327AF82B2005555C3 /* VideoListView.swift in Sources */ = {isa = PBXBuildFile; fileRef = 13FA3CF227AF82B2005555C3 /* VideoListView.swift */; };
		13FA3CF527AF8B6B005555C3 /* Request.swift in Sources */ = {isa = PBXBuildFile; fileRef = 13FA3CF427AF8B6B005555C3 /* Request.swift */; };
		C27DD350272C853E00B4DC16 /* ContentView.swift in Sources */ = {isa = PBXBuildFile; fileRef = C27DD34F272C853E00B4DC16 /* ContentView.swift */; };
		C27DD352272C853F00B4DC16 /* Assets.xcassets in Resources */ = {isa = PBXBuildFile; fileRef = C27DD351272C853F00B4DC16 /* Assets.xcassets */; };
		C27DD355272C853F00B4DC16 /* Preview Assets.xcassets in Resources */ = {isa = PBXBuildFile; fileRef = C27DD354272C853F00B4DC16 /* Preview Assets.xcassets */; };
		C27DD364272C85C400B4DC16 /* MainHostingViewController.swift in Sources */ = {isa = PBXBuildFile; fileRef = C27DD363272C85C400B4DC16 /* MainHostingViewController.swift */; };
		C27DD366272C85E400B4DC16 /* EventMonitor.swift in Sources */ = {isa = PBXBuildFile; fileRef = C27DD365272C85E400B4DC16 /* EventMonitor.swift */; };
		C27DD368272C85F900B4DC16 /* StatusBarController.swift in Sources */ = {isa = PBXBuildFile; fileRef = C27DD367272C85F900B4DC16 /* StatusBarController.swift */; };
		C27DD373272C8A8900B4DC16 /* Collections+Extension.swift in Sources */ = {isa = PBXBuildFile; fileRef = C27DD372272C8A8900B4DC16 /* Collections+Extension.swift */; };
		C27DD37C272C8CCF00B4DC16 /* PlayListView.swift in Sources */ = {isa = PBXBuildFile; fileRef = C27DD37B272C8CCF00B4DC16 /* PlayListView.swift */; };
		C27DD384272C8D9D00B4DC16 /* YoutubePreferenceViewModel.swift in Sources */ = {isa = PBXBuildFile; fileRef = C27DD383272C8D9D00B4DC16 /* YoutubePreferenceViewModel.swift */; };
		C27DD386272C8DD100B4DC16 /* Constants.swift in Sources */ = {isa = PBXBuildFile; fileRef = C27DD385272C8DD100B4DC16 /* Constants.swift */; };
		C27DD38B272C934C00B4DC16 /* PlayListViewModel.swift in Sources */ = {isa = PBXBuildFile; fileRef = C27DD36F272C8A6200B4DC16 /* PlayListViewModel.swift */; };
		C27DD38E272C93AD00B4DC16 /* SwiftyJSON in Frameworks */ = {isa = PBXBuildFile; productRef = C27DD38D272C93AD00B4DC16 /* SwiftyJSON */; };
		C27DD397272CA3F900B4DC16 /* ThumbnailView.swift in Sources */ = {isa = PBXBuildFile; fileRef = C27DD396272CA3F900B4DC16 /* ThumbnailView.swift */; };
		C27DD39B272CA54A00B4DC16 /* SearchViewModel.swift in Sources */ = {isa = PBXBuildFile; fileRef = C27DD376272C8AB900B4DC16 /* SearchViewModel.swift */; };
		C27DD39D272CA96700B4DC16 /* DateConverter.swift in Sources */ = {isa = PBXBuildFile; fileRef = C27DD39C272CA96700B4DC16 /* DateConverter.swift */; };
		C27DD39E272CAA1E00B4DC16 /* SearchVideosView.swift in Sources */ = {isa = PBXBuildFile; fileRef = C27DD37D272C8CD600B4DC16 /* SearchVideosView.swift */; };
		C27DD3A8272CB48700B4DC16 /* CleanButton.swift in Sources */ = {isa = PBXBuildFile; fileRef = C27DD3A7272CB48700B4DC16 /* CleanButton.swift */; };
		C27DD3AA272CB9FD00B4DC16 /* View+Extension.swift in Sources */ = {isa = PBXBuildFile; fileRef = C27DD3A9272CB9FD00B4DC16 /* View+Extension.swift */; };
		C27DD3AC272CBA5800B4DC16 /* NSViewRepresentable+Extension.swift in Sources */ = {isa = PBXBuildFile; fileRef = C27DD3AB272CBA5800B4DC16 /* NSViewRepresentable+Extension.swift */; };
		C27DD3B1272CBBD500B4DC16 /* LogTextView.swift in Sources */ = {isa = PBXBuildFile; fileRef = C27DD3B0272CBBD500B4DC16 /* LogTextView.swift */; };
		C27DD3B5272CE7A500B4DC16 /* SomethingWentWrongView.swift in Sources */ = {isa = PBXBuildFile; fileRef = C27DD3B4272CE7A500B4DC16 /* SomethingWentWrongView.swift */; };
		C27DD3B7272CE9DF00B4DC16 /* BottomBarView.swift in Sources */ = {isa = PBXBuildFile; fileRef = C27DD3B6272CE9DF00B4DC16 /* BottomBarView.swift */; };
		C294A6FD272E267500DD5E73 /* AudioPlayerControlsView.swift in Sources */ = {isa = PBXBuildFile; fileRef = C294A6FC272E267500DD5E73 /* AudioPlayerControlsView.swift */; };
		C294A6FF272E26AB00DD5E73 /* Utility.swift in Sources */ = {isa = PBXBuildFile; fileRef = C294A6FE272E26AB00DD5E73 /* Utility.swift */; };
		C2A7FC23274D78F0000D6D33 /* YouTubePlayerKit in Frameworks */ = {isa = PBXBuildFile; productRef = C2A7FC22274D78F0000D6D33 /* YouTubePlayerKit */; };
		C2A7FC25274D791D000D6D33 /* VideoPlayerView.swift in Sources */ = {isa = PBXBuildFile; fileRef = C2A7FC24274D791D000D6D33 /* VideoPlayerView.swift */; };
		C2A7FC27274D79E6000D6D33 /* YoutubePlayerViewModel.swift in Sources */ = {isa = PBXBuildFile; fileRef = C2A7FC26274D79E6000D6D33 /* YoutubePlayerViewModel.swift */; };
		C2A7FC29274D808D000D6D33 /* VideoContextMenuView.swift in Sources */ = {isa = PBXBuildFile; fileRef = C2A7FC28274D808D000D6D33 /* VideoContextMenuView.swift */; };
		C2A7FC2B274D8455000D6D33 /* PopupPlayerView.swift in Sources */ = {isa = PBXBuildFile; fileRef = C2A7FC2A274D8455000D6D33 /* PopupPlayerView.swift */; };
		C2A7FC2D274D8572000D6D33 /* VideoPlayerControlsView.swift in Sources */ = {isa = PBXBuildFile; fileRef = C2A7FC2C274D8572000D6D33 /* VideoPlayerControlsView.swift */; };
		C2BB85C9272CFDC100AC3578 /* youtube-dl in Resources */ = {isa = PBXBuildFile; fileRef = C2BB85C8272CFDC100AC3578 /* youtube-dl */; };
/* End PBXBuildFile section */

/* Begin PBXFileReference section */
		131A386A27AF02F400B67A1B /* AppStateViewModel.swift */ = {isa = PBXFileReference; lastKnownFileType = sourcecode.swift; path = AppStateViewModel.swift; sourceTree = "<group>"; };
		131A386C27AF191200B67A1B /* VideoModel.swift */ = {isa = PBXFileReference; lastKnownFileType = sourcecode.swift; path = VideoModel.swift; sourceTree = "<group>"; };
		131A387027AF258600B67A1B /* SearchRequest.swift */ = {isa = PBXFileReference; lastKnownFileType = sourcecode.swift; path = SearchRequest.swift; sourceTree = "<group>"; };
		131A387227AF259000B67A1B /* PlaylistsRequest.swift */ = {isa = PBXFileReference; lastKnownFileType = sourcecode.swift; path = PlaylistsRequest.swift; sourceTree = "<group>"; };
		132F7F5C27AE244E00D0F607 /* KeyWindow.swift */ = {isa = PBXFileReference; lastKnownFileType = sourcecode.swift; path = KeyWindow.swift; sourceTree = "<group>"; };
		133DCE4C27ADED6300AE6F1F /* PreferencesView.swift */ = {isa = PBXFileReference; lastKnownFileType = sourcecode.swift; path = PreferencesView.swift; sourceTree = "<group>"; };
		133DCE5127ADF16600AE6F1F /* GeneralPreferenceView.swift */ = {isa = PBXFileReference; lastKnownFileType = sourcecode.swift; path = GeneralPreferenceView.swift; sourceTree = "<group>"; };
		133DCE5527ADF29C00AE6F1F /* YoutubePreferenceView.swift */ = {isa = PBXFileReference; lastKnownFileType = sourcecode.swift; path = YoutubePreferenceView.swift; sourceTree = "<group>"; };
		138F4D1327ACFCBC00DF099D /* NativeYoutubeApp.swift */ = {isa = PBXFileReference; lastKnownFileType = sourcecode.swift; path = NativeYoutubeApp.swift; sourceTree = "<group>"; };
		139EF52E27BAC7950031BF1D /* URL+Extension.swift */ = {isa = PBXFileReference; lastKnownFileType = sourcecode.swift; path = "URL+Extension.swift"; sourceTree = "<group>"; };
		13E02D0927ABB35E00B4A648 /* VideoPlayerControlsViewModel.swift */ = {isa = PBXFileReference; lastKnownFileType = sourcecode.swift; path = VideoPlayerControlsViewModel.swift; sourceTree = "<group>"; };
		13E02D0B27ABD2FE00B4A648 /* String+Time.swift */ = {isa = PBXFileReference; lastKnownFileType = sourcecode.swift; path = "String+Time.swift"; sourceTree = "<group>"; };
		13FA3CF027AF820C005555C3 /* VideoRowView.swift */ = {isa = PBXFileReference; lastKnownFileType = sourcecode.swift; path = VideoRowView.swift; sourceTree = "<group>"; };
		13FA3CF227AF82B2005555C3 /* VideoListView.swift */ = {isa = PBXFileReference; lastKnownFileType = sourcecode.swift; path = VideoListView.swift; sourceTree = "<group>"; };
		13FA3CF427AF8B6B005555C3 /* Request.swift */ = {isa = PBXFileReference; lastKnownFileType = sourcecode.swift; path = Request.swift; sourceTree = "<group>"; };
		C27DD34A272C853E00B4DC16 /* NativeYoutube.app */ = {isa = PBXFileReference; explicitFileType = wrapper.application; includeInIndex = 0; path = NativeYoutube.app; sourceTree = BUILT_PRODUCTS_DIR; };
		C27DD34F272C853E00B4DC16 /* ContentView.swift */ = {isa = PBXFileReference; lastKnownFileType = sourcecode.swift; path = ContentView.swift; sourceTree = "<group>"; };
		C27DD351272C853F00B4DC16 /* Assets.xcassets */ = {isa = PBXFileReference; lastKnownFileType = folder.assetcatalog; path = Assets.xcassets; sourceTree = "<group>"; };
		C27DD354272C853F00B4DC16 /* Preview Assets.xcassets */ = {isa = PBXFileReference; lastKnownFileType = folder.assetcatalog; path = "Preview Assets.xcassets"; sourceTree = "<group>"; };
		C27DD356272C853F00B4DC16 /* NativeYoutube.entitlements */ = {isa = PBXFileReference; lastKnownFileType = text.plist.entitlements; path = NativeYoutube.entitlements; sourceTree = "<group>"; };
		C27DD363272C85C400B4DC16 /* MainHostingViewController.swift */ = {isa = PBXFileReference; lastKnownFileType = sourcecode.swift; path = MainHostingViewController.swift; sourceTree = "<group>"; };
		C27DD365272C85E400B4DC16 /* EventMonitor.swift */ = {isa = PBXFileReference; lastKnownFileType = sourcecode.swift; path = EventMonitor.swift; sourceTree = "<group>"; };
		C27DD367272C85F900B4DC16 /* StatusBarController.swift */ = {isa = PBXFileReference; lastKnownFileType = sourcecode.swift; path = StatusBarController.swift; sourceTree = "<group>"; };
		C27DD36B272C899600B4DC16 /* Info.plist */ = {isa = PBXFileReference; lastKnownFileType = text.plist; path = Info.plist; sourceTree = "<group>"; };
		C27DD36F272C8A6200B4DC16 /* PlayListViewModel.swift */ = {isa = PBXFileReference; lastKnownFileType = sourcecode.swift; path = PlayListViewModel.swift; sourceTree = "<group>"; };
		C27DD372272C8A8900B4DC16 /* Collections+Extension.swift */ = {isa = PBXFileReference; lastKnownFileType = sourcecode.swift; path = "Collections+Extension.swift"; sourceTree = "<group>"; };
		C27DD376272C8AB900B4DC16 /* SearchViewModel.swift */ = {isa = PBXFileReference; lastKnownFileType = sourcecode.swift; path = SearchViewModel.swift; sourceTree = "<group>"; };
		C27DD37B272C8CCF00B4DC16 /* PlayListView.swift */ = {isa = PBXFileReference; lastKnownFileType = sourcecode.swift; path = PlayListView.swift; sourceTree = "<group>"; };
		C27DD37D272C8CD600B4DC16 /* SearchVideosView.swift */ = {isa = PBXFileReference; lastKnownFileType = sourcecode.swift; path = SearchVideosView.swift; sourceTree = "<group>"; };
		C27DD383272C8D9D00B4DC16 /* YoutubePreferenceViewModel.swift */ = {isa = PBXFileReference; lastKnownFileType = sourcecode.swift; path = YoutubePreferenceViewModel.swift; sourceTree = "<group>"; };
		C27DD385272C8DD100B4DC16 /* Constants.swift */ = {isa = PBXFileReference; lastKnownFileType = sourcecode.swift; path = Constants.swift; sourceTree = "<group>"; };
		C27DD396272CA3F900B4DC16 /* ThumbnailView.swift */ = {isa = PBXFileReference; lastKnownFileType = sourcecode.swift; path = ThumbnailView.swift; sourceTree = "<group>"; };
		C27DD39C272CA96700B4DC16 /* DateConverter.swift */ = {isa = PBXFileReference; lastKnownFileType = sourcecode.swift; path = DateConverter.swift; sourceTree = "<group>"; };
		C27DD3A7272CB48700B4DC16 /* CleanButton.swift */ = {isa = PBXFileReference; lastKnownFileType = sourcecode.swift; path = CleanButton.swift; sourceTree = "<group>"; };
		C27DD3A9272CB9FD00B4DC16 /* View+Extension.swift */ = {isa = PBXFileReference; lastKnownFileType = sourcecode.swift; path = "View+Extension.swift"; sourceTree = "<group>"; };
		C27DD3AB272CBA5800B4DC16 /* NSViewRepresentable+Extension.swift */ = {isa = PBXFileReference; lastKnownFileType = sourcecode.swift; path = "NSViewRepresentable+Extension.swift"; sourceTree = "<group>"; };
		C27DD3B0272CBBD500B4DC16 /* LogTextView.swift */ = {isa = PBXFileReference; lastKnownFileType = sourcecode.swift; path = LogTextView.swift; sourceTree = "<group>"; };
		C27DD3B4272CE7A500B4DC16 /* SomethingWentWrongView.swift */ = {isa = PBXFileReference; lastKnownFileType = sourcecode.swift; path = SomethingWentWrongView.swift; sourceTree = "<group>"; };
		C27DD3B6272CE9DF00B4DC16 /* BottomBarView.swift */ = {isa = PBXFileReference; lastKnownFileType = sourcecode.swift; path = BottomBarView.swift; sourceTree = "<group>"; };
		C294A6FC272E267500DD5E73 /* AudioPlayerControlsView.swift */ = {isa = PBXFileReference; lastKnownFileType = sourcecode.swift; path = AudioPlayerControlsView.swift; sourceTree = "<group>"; };
		C294A6FE272E26AB00DD5E73 /* Utility.swift */ = {isa = PBXFileReference; lastKnownFileType = sourcecode.swift; path = Utility.swift; sourceTree = "<group>"; };
		C2A7FC24274D791D000D6D33 /* VideoPlayerView.swift */ = {isa = PBXFileReference; lastKnownFileType = sourcecode.swift; path = VideoPlayerView.swift; sourceTree = "<group>"; };
		C2A7FC26274D79E6000D6D33 /* YoutubePlayerViewModel.swift */ = {isa = PBXFileReference; lastKnownFileType = sourcecode.swift; path = YoutubePlayerViewModel.swift; sourceTree = "<group>"; };
		C2A7FC28274D808D000D6D33 /* VideoContextMenuView.swift */ = {isa = PBXFileReference; lastKnownFileType = sourcecode.swift; path = VideoContextMenuView.swift; sourceTree = "<group>"; };
		C2A7FC2A274D8455000D6D33 /* PopupPlayerView.swift */ = {isa = PBXFileReference; lastKnownFileType = sourcecode.swift; path = PopupPlayerView.swift; sourceTree = "<group>"; };
		C2A7FC2C274D8572000D6D33 /* VideoPlayerControlsView.swift */ = {isa = PBXFileReference; lastKnownFileType = sourcecode.swift; path = VideoPlayerControlsView.swift; sourceTree = "<group>"; };
		C2BB85C8272CFDC100AC3578 /* youtube-dl */ = {isa = PBXFileReference; lastKnownFileType = file; path = "youtube-dl"; sourceTree = "<group>"; };
/* End PBXFileReference section */

/* Begin PBXFrameworksBuildPhase section */
		C27DD347272C853E00B4DC16 /* Frameworks */ = {
			isa = PBXFrameworksBuildPhase;
			buildActionMask = 2147483647;
			files = (
				C2A7FC23274D78F0000D6D33 /* YouTubePlayerKit in Frameworks */,
				C27DD38E272C93AD00B4DC16 /* SwiftyJSON in Frameworks */,
			);
			runOnlyForDeploymentPostprocessing = 0;
		};
/* End PBXFrameworksBuildPhase section */

/* Begin PBXGroup section */
		131A386F27AF256D00B67A1B /* API */ = {
			isa = PBXGroup;
			children = (
				131A387027AF258600B67A1B /* SearchRequest.swift */,
				131A387227AF259000B67A1B /* PlaylistsRequest.swift */,
				13FA3CF427AF8B6B005555C3 /* Request.swift */,
			);
			path = API;
			sourceTree = "<group>";
		};
		133DCE4E27ADEFB900AE6F1F /* PreferencesView */ = {
			isa = PBXGroup;
			children = (
				133DCE4C27ADED6300AE6F1F /* PreferencesView.swift */,
				133DCE5127ADF16600AE6F1F /* GeneralPreferenceView.swift */,
				133DCE5527ADF29C00AE6F1F /* YoutubePreferenceView.swift */,
				C27DD3B0272CBBD500B4DC16 /* LogTextView.swift */,
			);
			path = PreferencesView;
			sourceTree = "<group>";
		};
		C27DD341272C853E00B4DC16 = {
			isa = PBXGroup;
			children = (
				C27DD34C272C853E00B4DC16 /* NativeYoutube */,
				C27DD34B272C853E00B4DC16 /* Products */,
			);
			sourceTree = "<group>";
		};
		C27DD34B272C853E00B4DC16 /* Products */ = {
			isa = PBXGroup;
			children = (
				C27DD34A272C853E00B4DC16 /* NativeYoutube.app */,
			);
			name = Products;
			sourceTree = "<group>";
		};
		C27DD34C272C853E00B4DC16 /* NativeYoutube */ = {
			isa = PBXGroup;
			children = (
				138F4D1327ACFCBC00DF099D /* NativeYoutubeApp.swift */,
				C27DD34F272C853E00B4DC16 /* ContentView.swift */,
				131A386F27AF256D00B67A1B /* API */,
				C27DD35E272C857800B4DC16 /* Models */,
				C27DD35C272C856B00B4DC16 /* Views */,
				C27DD35F272C857C00B4DC16 /* ViewModels */,
				C27DD35D272C857300B4DC16 /* Helpers */,
				C27DD36C272C89FA00B4DC16 /* ViewControllers */,
				C27DD371272C8A7600B4DC16 /* Extensions */,
				C294A6FB272E265600DD5E73 /* AVPlayer */,
				C2BB85C7272CFDB200AC3578 /* Executables */,
				C27DD351272C853F00B4DC16 /* Assets.xcassets */,
				C27DD356272C853F00B4DC16 /* NativeYoutube.entitlements */,
				C27DD36B272C899600B4DC16 /* Info.plist */,
				C27DD353272C853F00B4DC16 /* Preview Content */,
			);
			path = NativeYoutube;
			sourceTree = "<group>";
		};
		C27DD353272C853F00B4DC16 /* Preview Content */ = {
			isa = PBXGroup;
			children = (
				C27DD354272C853F00B4DC16 /* Preview Assets.xcassets */,
			);
			path = "Preview Content";
			sourceTree = "<group>";
		};
		C27DD35C272C856B00B4DC16 /* Views */ = {
			isa = PBXGroup;
			children = (
				C27DD378272C8CAE00B4DC16 /* SharedViews */,
				C27DD37A272C8CC200B4DC16 /* SearchView */,
				C27DD379272C8CB700B4DC16 /* PlayListView */,
				133DCE4E27ADEFB900AE6F1F /* PreferencesView */,
			);
			path = Views;
			sourceTree = "<group>";
		};
		C27DD35D272C857300B4DC16 /* Helpers */ = {
			isa = PBXGroup;
			children = (
				C27DD367272C85F900B4DC16 /* StatusBarController.swift */,
				C27DD365272C85E400B4DC16 /* EventMonitor.swift */,
				C27DD39C272CA96700B4DC16 /* DateConverter.swift */,
				132F7F5C27AE244E00D0F607 /* KeyWindow.swift */,
			);
			path = Helpers;
			sourceTree = "<group>";
		};
		C27DD35E272C857800B4DC16 /* Models */ = {
			isa = PBXGroup;
			children = (
				131A386C27AF191200B67A1B /* VideoModel.swift */,
				C27DD385272C8DD100B4DC16 /* Constants.swift */,
			);
			path = Models;
			sourceTree = "<group>";
		};
		C27DD35F272C857C00B4DC16 /* ViewModels */ = {
			isa = PBXGroup;
			children = (
				C2A7FC26274D79E6000D6D33 /* YoutubePlayerViewModel.swift */,
				C27DD36F272C8A6200B4DC16 /* PlayListViewModel.swift */,
				C27DD376272C8AB900B4DC16 /* SearchViewModel.swift */,
				C27DD383272C8D9D00B4DC16 /* YoutubePreferenceViewModel.swift */,
				13E02D0927ABB35E00B4A648 /* VideoPlayerControlsViewModel.swift */,
				131A386A27AF02F400B67A1B /* AppStateViewModel.swift */,
			);
			path = ViewModels;
			sourceTree = "<group>";
		};
		C27DD36C272C89FA00B4DC16 /* ViewControllers */ = {
			isa = PBXGroup;
			children = (
				C27DD363272C85C400B4DC16 /* MainHostingViewController.swift */,
			);
			path = ViewControllers;
			sourceTree = "<group>";
		};
		C27DD371272C8A7600B4DC16 /* Extensions */ = {
			isa = PBXGroup;
			children = (
				C27DD372272C8A8900B4DC16 /* Collections+Extension.swift */,
				C27DD3A9272CB9FD00B4DC16 /* View+Extension.swift */,
				C27DD3AB272CBA5800B4DC16 /* NSViewRepresentable+Extension.swift */,
				13E02D0B27ABD2FE00B4A648 /* String+Time.swift */,
				139EF52E27BAC7950031BF1D /* URL+Extension.swift */,
			);
			path = Extensions;
			sourceTree = "<group>";
		};
		C27DD378272C8CAE00B4DC16 /* SharedViews */ = {
			isa = PBXGroup;
			children = (
				C27DD396272CA3F900B4DC16 /* ThumbnailView.swift */,
				C27DD3A7272CB48700B4DC16 /* CleanButton.swift */,
				C27DD3B4272CE7A500B4DC16 /* SomethingWentWrongView.swift */,
				C27DD3B6272CE9DF00B4DC16 /* BottomBarView.swift */,
				C2A7FC24274D791D000D6D33 /* VideoPlayerView.swift */,
				C2A7FC28274D808D000D6D33 /* VideoContextMenuView.swift */,
				C2A7FC2A274D8455000D6D33 /* PopupPlayerView.swift */,
				C2A7FC2C274D8572000D6D33 /* VideoPlayerControlsView.swift */,
				13FA3CF027AF820C005555C3 /* VideoRowView.swift */,
				13FA3CF227AF82B2005555C3 /* VideoListView.swift */,
			);
			path = SharedViews;
			sourceTree = "<group>";
		};
		C27DD379272C8CB700B4DC16 /* PlayListView */ = {
			isa = PBXGroup;
			children = (
				C27DD37B272C8CCF00B4DC16 /* PlayListView.swift */,
			);
			path = PlayListView;
			sourceTree = "<group>";
		};
		C27DD37A272C8CC200B4DC16 /* SearchView */ = {
			isa = PBXGroup;
			children = (
				C27DD37D272C8CD600B4DC16 /* SearchVideosView.swift */,
			);
			path = SearchView;
			sourceTree = "<group>";
		};
		C294A6FB272E265600DD5E73 /* AVPlayer */ = {
			isa = PBXGroup;
			children = (
				C294A6FC272E267500DD5E73 /* AudioPlayerControlsView.swift */,
				C294A6FE272E26AB00DD5E73 /* Utility.swift */,
			);
			path = AVPlayer;
			sourceTree = "<group>";
		};
		C2BB85C7272CFDB200AC3578 /* Executables */ = {
			isa = PBXGroup;
			children = (
				C2BB85C8272CFDC100AC3578 /* youtube-dl */,
			);
			path = Executables;
			sourceTree = "<group>";
		};
/* End PBXGroup section */

/* Begin PBXNativeTarget section */
		C27DD349272C853E00B4DC16 /* NativeYoutube */ = {
			isa = PBXNativeTarget;
			buildConfigurationList = C27DD359272C853F00B4DC16 /* Build configuration list for PBXNativeTarget "NativeYoutube" */;
			buildPhases = (
				C27DD346272C853E00B4DC16 /* Sources */,
				C27DD347272C853E00B4DC16 /* Frameworks */,
				C27DD348272C853E00B4DC16 /* Resources */,
			);
			buildRules = (
			);
			dependencies = (
			);
			name = NativeYoutube;
			packageProductDependencies = (
				C27DD38D272C93AD00B4DC16 /* SwiftyJSON */,
				C2A7FC22274D78F0000D6D33 /* YouTubePlayerKit */,
			);
			productName = NativeYoutube;
			productReference = C27DD34A272C853E00B4DC16 /* NativeYoutube.app */;
			productType = "com.apple.product-type.application";
		};
/* End PBXNativeTarget section */

/* Begin PBXProject section */
		C27DD342272C853E00B4DC16 /* Project object */ = {
			isa = PBXProject;
			attributes = {
				BuildIndependentTargetsInParallel = 1;
				LastSwiftUpdateCheck = 1310;
				LastUpgradeCheck = 1320;
				TargetAttributes = {
					C27DD349272C853E00B4DC16 = {
						CreatedOnToolsVersion = 13.1;
					};
				};
			};
			buildConfigurationList = C27DD345272C853E00B4DC16 /* Build configuration list for PBXProject "NativeYoutube" */;
			compatibilityVersion = "Xcode 13.0";
			developmentRegion = en;
			hasScannedForEncodings = 0;
			knownRegions = (
				en,
				Base,
			);
			mainGroup = C27DD341272C853E00B4DC16;
			packageReferences = (
				C27DD38C272C93AD00B4DC16 /* XCRemoteSwiftPackageReference "SwiftyJSON" */,
				C2A7FC21274D78F0000D6D33 /* XCRemoteSwiftPackageReference "YouTubePlayerKit" */,
			);
			productRefGroup = C27DD34B272C853E00B4DC16 /* Products */;
			projectDirPath = "";
			projectRoot = "";
			targets = (
				C27DD349272C853E00B4DC16 /* NativeYoutube */,
			);
		};
/* End PBXProject section */

/* Begin PBXResourcesBuildPhase section */
		C27DD348272C853E00B4DC16 /* Resources */ = {
			isa = PBXResourcesBuildPhase;
			buildActionMask = 2147483647;
			files = (
				C2BB85C9272CFDC100AC3578 /* youtube-dl in Resources */,
				C27DD355272C853F00B4DC16 /* Preview Assets.xcassets in Resources */,
				C27DD352272C853F00B4DC16 /* Assets.xcassets in Resources */,
			);
			runOnlyForDeploymentPostprocessing = 0;
		};
/* End PBXResourcesBuildPhase section */

/* Begin PBXSourcesBuildPhase section */
		C27DD346272C853E00B4DC16 /* Sources */ = {
			isa = PBXSourcesBuildPhase;
			buildActionMask = 2147483647;
			files = (
				133DCE5227ADF16600AE6F1F /* GeneralPreferenceView.swift in Sources */,
				C27DD3A8272CB48700B4DC16 /* CleanButton.swift in Sources */,
				C27DD39D272CA96700B4DC16 /* DateConverter.swift in Sources */,
				C27DD3AC272CBA5800B4DC16 /* NSViewRepresentable+Extension.swift in Sources */,
				131A387127AF258600B67A1B /* SearchRequest.swift in Sources */,
				13FA3CF527AF8B6B005555C3 /* Request.swift in Sources */,
				C294A6FD272E267500DD5E73 /* AudioPlayerControlsView.swift in Sources */,
				133DCE4D27ADED6300AE6F1F /* PreferencesView.swift in Sources */,
				132F7F5D27AE244E00D0F607 /* KeyWindow.swift in Sources */,
				C294A6FF272E26AB00DD5E73 /* Utility.swift in Sources */,
				C27DD39B272CA54A00B4DC16 /* SearchViewModel.swift in Sources */,
				131A386B27AF02F400B67A1B /* AppStateViewModel.swift in Sources */,
				C27DD368272C85F900B4DC16 /* StatusBarController.swift in Sources */,
				C2A7FC2B274D8455000D6D33 /* PopupPlayerView.swift in Sources */,
				C27DD37C272C8CCF00B4DC16 /* PlayListView.swift in Sources */,
				C27DD397272CA3F900B4DC16 /* ThumbnailView.swift in Sources */,
				C27DD38B272C934C00B4DC16 /* PlayListViewModel.swift in Sources */,
				C27DD39E272CAA1E00B4DC16 /* SearchVideosView.swift in Sources */,
				C27DD3B5272CE7A500B4DC16 /* SomethingWentWrongView.swift in Sources */,
				C27DD366272C85E400B4DC16 /* EventMonitor.swift in Sources */,
				13FA3CF327AF82B2005555C3 /* VideoListView.swift in Sources */,
				C2A7FC27274D79E6000D6D33 /* YoutubePlayerViewModel.swift in Sources */,
				C27DD3B7272CE9DF00B4DC16 /* BottomBarView.swift in Sources */,
				C27DD350272C853E00B4DC16 /* ContentView.swift in Sources */,
				C27DD373272C8A8900B4DC16 /* Collections+Extension.swift in Sources */,
				139EF52F27BAC7950031BF1D /* URL+Extension.swift in Sources */,
				C2A7FC29274D808D000D6D33 /* VideoContextMenuView.swift in Sources */,
				138F4D1427ACFCBC00DF099D /* NativeYoutubeApp.swift in Sources */,
				C27DD386272C8DD100B4DC16 /* Constants.swift in Sources */,
				C27DD364272C85C400B4DC16 /* MainHostingViewController.swift in Sources */,
				C27DD3AA272CB9FD00B4DC16 /* View+Extension.swift in Sources */,
				131A387327AF259000B67A1B /* PlaylistsRequest.swift in Sources */,
				13E02D0A27ABB35E00B4A648 /* VideoPlayerControlsViewModel.swift in Sources */,
				C27DD3B1272CBBD500B4DC16 /* LogTextView.swift in Sources */,
				C27DD384272C8D9D00B4DC16 /* YoutubePreferenceViewModel.swift in Sources */,
				13E02D0C27ABD2FE00B4A648 /* String+Time.swift in Sources */,
				C2A7FC2D274D8572000D6D33 /* VideoPlayerControlsView.swift in Sources */,
				133DCE5627ADF29C00AE6F1F /* YoutubePreferenceView.swift in Sources */,
				C2A7FC25274D791D000D6D33 /* VideoPlayerView.swift in Sources */,
				13FA3CF127AF820D005555C3 /* VideoRowView.swift in Sources */,
				131A386D27AF191200B67A1B /* VideoModel.swift in Sources */,
			);
			runOnlyForDeploymentPostprocessing = 0;
		};
/* End PBXSourcesBuildPhase section */

/* Begin XCBuildConfiguration section */
		C27DD357272C853F00B4DC16 /* Debug */ = {
			isa = XCBuildConfiguration;
			buildSettings = {
				ALWAYS_SEARCH_USER_PATHS = NO;
				CLANG_ANALYZER_NONNULL = YES;
				CLANG_ANALYZER_NUMBER_OBJECT_CONVERSION = YES_AGGRESSIVE;
				CLANG_CXX_LANGUAGE_STANDARD = "gnu++17";
				CLANG_CXX_LIBRARY = "libc++";
				CLANG_ENABLE_MODULES = YES;
				CLANG_ENABLE_OBJC_ARC = YES;
				CLANG_ENABLE_OBJC_WEAK = YES;
				CLANG_WARN_BLOCK_CAPTURE_AUTORELEASING = YES;
				CLANG_WARN_BOOL_CONVERSION = YES;
				CLANG_WARN_COMMA = YES;
				CLANG_WARN_CONSTANT_CONVERSION = YES;
				CLANG_WARN_DEPRECATED_OBJC_IMPLEMENTATIONS = YES;
				CLANG_WARN_DIRECT_OBJC_ISA_USAGE = YES_ERROR;
				CLANG_WARN_DOCUMENTATION_COMMENTS = YES;
				CLANG_WARN_EMPTY_BODY = YES;
				CLANG_WARN_ENUM_CONVERSION = YES;
				CLANG_WARN_INFINITE_RECURSION = YES;
				CLANG_WARN_INT_CONVERSION = YES;
				CLANG_WARN_NON_LITERAL_NULL_CONVERSION = YES;
				CLANG_WARN_OBJC_IMPLICIT_RETAIN_SELF = YES;
				CLANG_WARN_OBJC_LITERAL_CONVERSION = YES;
				CLANG_WARN_OBJC_ROOT_CLASS = YES_ERROR;
				CLANG_WARN_QUOTED_INCLUDE_IN_FRAMEWORK_HEADER = YES;
				CLANG_WARN_RANGE_LOOP_ANALYSIS = YES;
				CLANG_WARN_STRICT_PROTOTYPES = YES;
				CLANG_WARN_SUSPICIOUS_MOVE = YES;
				CLANG_WARN_UNGUARDED_AVAILABILITY = YES_AGGRESSIVE;
				CLANG_WARN_UNREACHABLE_CODE = YES;
				CLANG_WARN__DUPLICATE_METHOD_MATCH = YES;
				COPY_PHASE_STRIP = NO;
				DEBUG_INFORMATION_FORMAT = dwarf;
				ENABLE_STRICT_OBJC_MSGSEND = YES;
				ENABLE_TESTABILITY = YES;
				GCC_C_LANGUAGE_STANDARD = gnu11;
				GCC_DYNAMIC_NO_PIC = NO;
				GCC_NO_COMMON_BLOCKS = YES;
				GCC_OPTIMIZATION_LEVEL = 0;
				GCC_PREPROCESSOR_DEFINITIONS = (
					"DEBUG=1",
					"$(inherited)",
				);
				GCC_WARN_64_TO_32_BIT_CONVERSION = YES;
				GCC_WARN_ABOUT_RETURN_TYPE = YES_ERROR;
				GCC_WARN_UNDECLARED_SELECTOR = YES;
				GCC_WARN_UNINITIALIZED_AUTOS = YES_AGGRESSIVE;
				GCC_WARN_UNUSED_FUNCTION = YES;
				GCC_WARN_UNUSED_VARIABLE = YES;
				MACOSX_DEPLOYMENT_TARGET = 12.0;
				MTL_ENABLE_DEBUG_INFO = INCLUDE_SOURCE;
				MTL_FAST_MATH = YES;
				ONLY_ACTIVE_ARCH = YES;
				SDKROOT = macosx;
				SWIFT_ACTIVE_COMPILATION_CONDITIONS = DEBUG;
				SWIFT_OPTIMIZATION_LEVEL = "-Onone";
			};
			name = Debug;
		};
		C27DD358272C853F00B4DC16 /* Release */ = {
			isa = XCBuildConfiguration;
			buildSettings = {
				ALWAYS_SEARCH_USER_PATHS = NO;
				CLANG_ANALYZER_NONNULL = YES;
				CLANG_ANALYZER_NUMBER_OBJECT_CONVERSION = YES_AGGRESSIVE;
				CLANG_CXX_LANGUAGE_STANDARD = "gnu++17";
				CLANG_CXX_LIBRARY = "libc++";
				CLANG_ENABLE_MODULES = YES;
				CLANG_ENABLE_OBJC_ARC = YES;
				CLANG_ENABLE_OBJC_WEAK = YES;
				CLANG_WARN_BLOCK_CAPTURE_AUTORELEASING = YES;
				CLANG_WARN_BOOL_CONVERSION = YES;
				CLANG_WARN_COMMA = YES;
				CLANG_WARN_CONSTANT_CONVERSION = YES;
				CLANG_WARN_DEPRECATED_OBJC_IMPLEMENTATIONS = YES;
				CLANG_WARN_DIRECT_OBJC_ISA_USAGE = YES_ERROR;
				CLANG_WARN_DOCUMENTATION_COMMENTS = YES;
				CLANG_WARN_EMPTY_BODY = YES;
				CLANG_WARN_ENUM_CONVERSION = YES;
				CLANG_WARN_INFINITE_RECURSION = YES;
				CLANG_WARN_INT_CONVERSION = YES;
				CLANG_WARN_NON_LITERAL_NULL_CONVERSION = YES;
				CLANG_WARN_OBJC_IMPLICIT_RETAIN_SELF = YES;
				CLANG_WARN_OBJC_LITERAL_CONVERSION = YES;
				CLANG_WARN_OBJC_ROOT_CLASS = YES_ERROR;
				CLANG_WARN_QUOTED_INCLUDE_IN_FRAMEWORK_HEADER = YES;
				CLANG_WARN_RANGE_LOOP_ANALYSIS = YES;
				CLANG_WARN_STRICT_PROTOTYPES = YES;
				CLANG_WARN_SUSPICIOUS_MOVE = YES;
				CLANG_WARN_UNGUARDED_AVAILABILITY = YES_AGGRESSIVE;
				CLANG_WARN_UNREACHABLE_CODE = YES;
				CLANG_WARN__DUPLICATE_METHOD_MATCH = YES;
				COPY_PHASE_STRIP = NO;
				DEBUG_INFORMATION_FORMAT = "dwarf-with-dsym";
				ENABLE_NS_ASSERTIONS = NO;
				ENABLE_STRICT_OBJC_MSGSEND = YES;
				GCC_C_LANGUAGE_STANDARD = gnu11;
				GCC_NO_COMMON_BLOCKS = YES;
				GCC_WARN_64_TO_32_BIT_CONVERSION = YES;
				GCC_WARN_ABOUT_RETURN_TYPE = YES_ERROR;
				GCC_WARN_UNDECLARED_SELECTOR = YES;
				GCC_WARN_UNINITIALIZED_AUTOS = YES_AGGRESSIVE;
				GCC_WARN_UNUSED_FUNCTION = YES;
				GCC_WARN_UNUSED_VARIABLE = YES;
				MACOSX_DEPLOYMENT_TARGET = 12.0;
				MTL_ENABLE_DEBUG_INFO = NO;
				MTL_FAST_MATH = YES;
				SDKROOT = macosx;
				SWIFT_COMPILATION_MODE = wholemodule;
				SWIFT_OPTIMIZATION_LEVEL = "-O";
			};
			name = Release;
		};
		C27DD35A272C853F00B4DC16 /* Debug */ = {
			isa = XCBuildConfiguration;
			buildSettings = {
				ASSETCATALOG_COMPILER_APPICON_NAME = AppIcon;
				ASSETCATALOG_COMPILER_GLOBAL_ACCENT_COLOR_NAME = AccentColor;
				CODE_SIGN_ENTITLEMENTS = NativeYoutube/NativeYoutube.entitlements;
				CODE_SIGN_IDENTITY = "-";
				CODE_SIGN_STYLE = Automatic;
				COMBINE_HIDPI_IMAGES = YES;
				CURRENT_PROJECT_VERSION = 4;
				DEVELOPMENT_ASSET_PATHS = "\"NativeYoutube/Preview Content\"";
				DEVELOPMENT_TEAM = "";
				ENABLE_HARDENED_RUNTIME = NO;
				ENABLE_PREVIEWS = YES;
				GENERATE_INFOPLIST_FILE = YES;
				INFOPLIST_FILE = NativeYoutube/Info.plist;
				INFOPLIST_KEY_LSApplicationCategoryType = "public.app-category.entertainment";
				INFOPLIST_KEY_NSHumanReadableCopyright = "Copyright © 2021 Aayush Pokharel. All rights reserved.";
				LD_RUNPATH_SEARCH_PATHS = (
					"$(inherited)",
					"@executable_path/../Frameworks",
				);
				MACOSX_DEPLOYMENT_TARGET = 12.0;
				MARKETING_VERSION = 2.2;
				PRODUCT_BUNDLE_IDENTIFIER = com.aayushpokharel.opensource.NativeYoutube;
				PRODUCT_NAME = "$(TARGET_NAME)";
				SWIFT_EMIT_LOC_STRINGS = YES;
				SWIFT_VERSION = 5.0;
			};
			name = Debug;
		};
		C27DD35B272C853F00B4DC16 /* Release */ = {
			isa = XCBuildConfiguration;
			buildSettings = {
				ASSETCATALOG_COMPILER_APPICON_NAME = AppIcon;
				ASSETCATALOG_COMPILER_GLOBAL_ACCENT_COLOR_NAME = AccentColor;
				CODE_SIGN_ENTITLEMENTS = NativeYoutube/NativeYoutube.entitlements;
				CODE_SIGN_IDENTITY = "Apple Development";
				CODE_SIGN_STYLE = Automatic;
				COMBINE_HIDPI_IMAGES = YES;
				CURRENT_PROJECT_VERSION = 4;
				DEVELOPMENT_ASSET_PATHS = "\"NativeYoutube/Preview Content\"";
				DEVELOPMENT_TEAM = 4538W4A79B;
				ENABLE_HARDENED_RUNTIME = NO;
				ENABLE_PREVIEWS = YES;
				GENERATE_INFOPLIST_FILE = YES;
				INFOPLIST_FILE = NativeYoutube/Info.plist;
				INFOPLIST_KEY_LSApplicationCategoryType = "public.app-category.entertainment";
				INFOPLIST_KEY_NSHumanReadableCopyright = "Copyright © 2021 Aayush Pokharel. All rights reserved.";
				LD_RUNPATH_SEARCH_PATHS = (
					"$(inherited)",
					"@executable_path/../Frameworks",
				);
				MACOSX_DEPLOYMENT_TARGET = 12.0;
				MARKETING_VERSION = 2.2;
				PRODUCT_BUNDLE_IDENTIFIER = com.aayushpokharel.opensource.NativeYoutube;
				PRODUCT_NAME = "$(TARGET_NAME)";
				SWIFT_EMIT_LOC_STRINGS = YES;
				SWIFT_VERSION = 5.0;
			};
			name = Release;
		};
/* End XCBuildConfiguration section */

/* Begin XCConfigurationList section */
		C27DD345272C853E00B4DC16 /* Build configuration list for PBXProject "NativeYoutube" */ = {
			isa = XCConfigurationList;
			buildConfigurations = (
				C27DD357272C853F00B4DC16 /* Debug */,
				C27DD358272C853F00B4DC16 /* Release */,
			);
			defaultConfigurationIsVisible = 0;
			defaultConfigurationName = Release;
		};
		C27DD359272C853F00B4DC16 /* Build configuration list for PBXNativeTarget "NativeYoutube" */ = {
			isa = XCConfigurationList;
			buildConfigurations = (
				C27DD35A272C853F00B4DC16 /* Debug */,
				C27DD35B272C853F00B4DC16 /* Release */,
			);
			defaultConfigurationIsVisible = 0;
			defaultConfigurationName = Release;
		};
/* End XCConfigurationList section */

/* Begin XCRemoteSwiftPackageReference section */
		C27DD38C272C93AD00B4DC16 /* XCRemoteSwiftPackageReference "SwiftyJSON" */ = {
			isa = XCRemoteSwiftPackageReference;
			repositoryURL = "https://github.com/SwiftyJSON/SwiftyJSON.git";
			requirement = {
				kind = upToNextMajorVersion;
				minimumVersion = 4.0.0;
			};
		};
		C2A7FC21274D78F0000D6D33 /* XCRemoteSwiftPackageReference "YouTubePlayerKit" */ = {
			isa = XCRemoteSwiftPackageReference;
			repositoryURL = "https://github.com/SvenTiigi/YouTubePlayerKit.git";
			requirement = {
				kind = upToNextMajorVersion;
				minimumVersion = 1.1.9;
			};
		};
/* End XCRemoteSwiftPackageReference section */

/* Begin XCSwiftPackageProductDependency section */
		C27DD38D272C93AD00B4DC16 /* SwiftyJSON */ = {
			isa = XCSwiftPackageProductDependency;
			package = C27DD38C272C93AD00B4DC16 /* XCRemoteSwiftPackageReference "SwiftyJSON" */;
			productName = SwiftyJSON;
		};
		C2A7FC22274D78F0000D6D33 /* YouTubePlayerKit */ = {
			isa = XCSwiftPackageProductDependency;
			package = C2A7FC21274D78F0000D6D33 /* XCRemoteSwiftPackageReference "YouTubePlayerKit" */;
			productName = YouTubePlayerKit;
		};
/* End XCSwiftPackageProductDependency section */
	};
	rootObject = C27DD342272C853E00B4DC16 /* Project object */;
}
