{
  "object": {
    "pins": [
      {
        "package": "SwiftyJSON",
        "repositoryURL": "https://github.com/SwiftyJSON/SwiftyJSON.git",
        "state": {
          "branch": null,
          "revision": "2b6054efa051565954e1d2b9da831680026cd768",
          "version": "4.3.0"
        }
      },
      {
        "package": "YouTubePlayerKit",
        "repositoryURL": "https://github.com/SvenTiigi/YouTubePlayerKit.git",
        "state": {
          "branch": null,
          "revision": "1f78a2121f58b393bca54bc0a8da9e9b11cab198",
          "version": "1.1.9"
        }
      }
    ]
  },
  "version": 1
}
